{
  "pins" : [
    {
      "identity" : "move-ios-packages",
      "kind" : "remoteSourceControl",
      "location" : "https://github.com/dolphin-technologies/MOVE-iOS-Packages",
      "state" : {
        "revision" : "18ccc1f25bb0933186bcfaedd6acf628f1348cd1",
        "version" : "2.18.0"
      }
    }
  ],
  "version" : 2
}
