{
  "pins" : [
    {
      "identity" : "move-ios-packages",
      "kind" : "remoteSourceControl",
      "location" : "https://github.com/dolphin-technologies/MOVE-iOS-Packages",
      "state" : {
        "revision" : "06d4594a6316475660aa92ba29586ff811416d37",
        "version" : "2.16.0"
      }
    }
  ],
  "version" : 2
}
