{
  "pins" : [
    {
      "identity" : "move-ios-packages",
      "kind" : "remoteSourceControl",
      "location" : "https://github.com/dolphin-technologies/MOVE-iOS-Packages",
      "state" : {
        "revision" : "0ea2f9f650bed1f5aef878fef4cd074fe791dc25",
        "version" : "2.13.0"
      }
    }
  ],
  "version" : 2
}
